Microsoft Visual Studio Solution File, Format Version 12.00
# Visual Studio Version 17
VisualStudioVersion = 17.0.31903.59
MinimumVisualStudioVersion = 10.0.40219.1
Project("{FAE04EC0-301F-11D3-BF4B-00C04F79EFBC}") = "FunctionApp", "src\FunctionApp\FunctionApp.csproj", "{A9D80E45-59F2-4BBA-8CE4-4CF76B3E12B1}"
EndProject
Project("{FAE04EC0-301F-11D3-BF4B-00C04F79EFBC}") = "UnitTests", "tests\UnitTests\UnitTests.csproj", "{72DB7DA8-0A8F-4186-B842-9EB8A27B80C8}"
EndProject
Project("{FAE04EC0-301F-11D3-BF4B-00C04F79EFBC}") = "IntegrationTests", "tests\IntegrationTests\IntegrationTests.csproj", "{8F4F8762-4AA4-4D88-9E86-0DF5C27D9361}"
EndProject
Global
	GlobalSection(SolutionConfigurationPlatforms) = preSolution
		Debug|Any CPU = Debug|Any CPU
		Release|Any CPU = Release|Any CPU
	EndGlobalSection
	GlobalSection(ProjectConfigurationPlatforms) = postSolution
		{A9D80E45-59F2-4BBA-8CE4-4CF76B3E12B1}.Debug|Any CPU.ActiveCfg = Debug|Any CPU
		{A9D80E45-59F2-4BBA-8CE4-4CF76B3E12B1}.Debug|Any CPU.Build.0 = Debug|Any CPU
		{A9D80E45-59F2-4BBA-8CE4-4CF76B3E12B1}.Release|Any CPU.ActiveCfg = Release|Any CPU
		{A9D80E45-59F2-4BBA-8CE4-4CF76B3E12B1}.Release|Any CPU.Build.0 = Release|Any CPU
		{72DB7DA8-0A8F-4186-B842-9EB8A27B80C8}.Debug|Any CPU.ActiveCfg = Debug|Any CPU
		{72DB7DA8-0A8F-4186-B842-9EB8A27B80C8}.Debug|Any CPU.Build.0 = Debug|Any CPU
		{72DB7DA8-0A8F-4186-B842-9EB8A27B80C8}.Release|Any CPU.ActiveCfg = Release|Any CPU
		{72DB7DA8-0A8F-4186-B842-9EB8A27B80C8}.Release|Any CPU.Build.0 = Release|Any CPU
		{8F4F8762-4AA4-4D88-9E86-0DF5C27D9361}.Debug|Any CPU.ActiveCfg = Debug|Any CPU
		{8F4F8762-4AA4-4D88-9E86-0DF5C27D9361}.Debug|Any CPU.Build.0 = Debug|Any CPU
		{8F4F8762-4AA4-4D88-9E86-0DF5C27D9361}.Release|Any CPU.ActiveCfg = Release|Any CPU
		{8F4F8762-4AA4-4D88-9E86-0DF5C27D9361}.Release|Any CPU.Build.0 = Release|Any CPU
	EndGlobalSection
	GlobalSection(SolutionProperties) = preSolution
		HideSolutionNode = FALSE
	EndGlobalSection
EndGlobal
